Microsoft Visual Studio Solution File, Format Version 12.00
# Visual Studio Version 17
VisualStudioVersion = 17.13.35913.81
MinimumVisualStudioVersion = 10.0.40219.1
Project("{FAE04EC0-301F-11D3-BF4B-00C04F79EFBC}") = "TP1Grupo12", "FormsApp1\TP1Grupo12.csproj", "{A5232649-C4AD-464A-9A13-C4408B64D70A}"
EndProject
Global
	GlobalSection(SolutionConfigurationPlatforms) = preSolution
		Debug|Any CPU = Debug|Any CPU
		Release|Any CPU = Release|Any CPU
	EndGlobalSection
	GlobalSection(ProjectConfigurationPlatforms) = postSolution
		{A5232649-C4AD-464A-9A13-C4408B64D70A}.Debug|Any CPU.ActiveCfg = Debug|Any CPU
		{A5232649-C4AD-464A-9A13-C4408B64D70A}.Debug|Any CPU.Build.0 = Debug|Any CPU
		{A5232649-C4AD-464A-9A13-C4408B64D70A}.Release|Any CPU.ActiveCfg = Release|Any CPU
		{A5232649-C4AD-464A-9A13-C4408B64D70A}.Release|Any CPU.Build.0 = Release|Any CPU
	EndGlobalSection
	GlobalSection(SolutionProperties) = preSolution
		HideSolutionNode = FALSE
	EndGlobalSection
	GlobalSection(ExtensibilityGlobals) = postSolution
		SolutionGuid = {AB46DC7C-B93E-4349-AA83-0FB46FC22131}
	EndGlobalSection
EndGlobal
